// !$*UTF8*$!
{
	archiveVersion = 1;
	classes = {
	};
	objectVersion = 50;
	objects = {

/* Begin PBXBuildFile section */
		7E0B1DCA2097E23800A59E56 /* AppDelegate.m in Sources */ = {isa = PBXBuildFile; fileRef = 7E0B1DC92097E23800A59E56 /* AppDelegate.m */; };
		7E0B1DCD2097E23800A59E56 /* ViewController.m in Sources */ = {isa = PBXBuildFile; fileRef = 7E0B1DCC2097E23800A59E56 /* ViewController.m */; };
		7E0B1DD02097E23800A59E56 /* Main.storyboard in Resources */ = {isa = PBXBuildFile; fileRef = 7E0B1DCE2097E23800A59E56 /* Main.storyboard */; };
		7E0B1DD22097E23900A59E56 /* Assets.xcassets in Resources */ = {isa = PBXBuildFile; fileRef = 7E0B1DD12097E23900A59E56 /* Assets.xcassets */; };
		7E0B1DD52097E23900A59E56 /* LaunchScreen.storyboard in Resources */ = {isa = PBXBuildFile; fileRef = 7E0B1DD32097E23900A59E56 /* LaunchScreen.storyboard */; };
		7E0B1DD82097E23900A59E56 /* main.m in Sources */ = {isa = PBXBuildFile; fileRef = 7E0B1DD72097E23900A59E56 /* main.m */; };
		7E0B1DE22097E23900A59E56 /* DisplayingTextTests.m in Sources */ = {isa = PBXBuildFile; fileRef = 7E0B1DE12097E23900A59E56 /* DisplayingTextTests.m */; };
		7E0B1DED2097E23900A59E56 /* DisplayingTextUITests.m in Sources */ = {isa = PBXBuildFile; fileRef = 7E0B1DEC2097E23900A59E56 /* DisplayingTextUITests.m */; };
/* End PBXBuildFile section */

/* Begin PBXContainerItemProxy section */
		7E0B1DDE2097E23900A59E56 /* PBXContainerItemProxy */ = {
			isa = PBXContainerItemProxy;
			containerPortal = 7E0B1DBD2097E23800A59E56 /* Project object */;
			proxyType = 1;
			remoteGlobalIDString = 7E0B1DC42097E23800A59E56;
			remoteInfo = DisplayingText;
		};
		7E0B1DE92097E23900A59E56 /* PBXContainerItemProxy */ = {
			isa = PBXContainerItemProxy;
			containerPortal = 7E0B1DBD2097E23800A59E56 /* Project object */;
			proxyType = 1;
			remoteGlobalIDString = 7E0B1DC42097E23800A59E56;
			remoteInfo = DisplayingText;
		};
/* End PBXContainerItemProxy section */

/* Begin PBXFileReference section */
		7E0B1DC52097E23800A59E56 /* DisplayingText.app */ = {isa = PBXFileReference; explicitFileType = wrapper.application; includeInIndex = 0; path = DisplayingText.app; sourceTree = BUILT_PRODUCTS_DIR; };
		7E0B1DC82097E23800A59E56 /* AppDelegate.h */ = {isa = PBXFileReference; lastKnownFileType = sourcecode.c.h; path = AppDelegate.h; sourceTree = "<group>"; };
		7E0B1DC92097E23800A59E56 /* AppDelegate.m */ = {isa = PBXFileReference; lastKnownFileType = sourcecode.c.objc; path = AppDelegate.m; sourceTree = "<group>"; };
		7E0B1DCB2097E23800A59E56 /* ViewController.h */ = {isa = PBXFileReference; lastKnownFileType = sourcecode.c.h; path = ViewController.h; sourceTree = "<group>"; };
		7E0B1DCC2097E23800A59E56 /* ViewController.m */ = {isa = PBXFileReference; lastKnownFileType = sourcecode.c.objc; path = ViewController.m; sourceTree = "<group>"; };
		7E0B1DCF2097E23800A59E56 /* Base */ = {isa = PBXFileReference; lastKnownFileType = file.storyboard; name = Base; path = Base.lproj/Main.storyboard; sourceTree = "<group>"; };
		7E0B1DD12097E23900A59E56 /* Assets.xcassets */ = {isa = PBXFileReference; lastKnownFileType = folder.assetcatalog; path = Assets.xcassets; sourceTree = "<group>"; };
		7E0B1DD42097E23900A59E56 /* Base */ = {isa = PBXFileReference; lastKnownFileType = file.storyboard; name = Base; path = Base.lproj/LaunchScreen.storyboard; sourceTree = "<group>"; };
		7E0B1DD62097E23900A59E56 /* Info.plist */ = {isa = PBXFileReference; lastKnownFileType = text.plist.xml; path = Info.plist; sourceTree = "<group>"; };
		7E0B1DD72097E23900A59E56 /* main.m */ = {isa = PBXFileReference; lastKnownFileType = sourcecode.c.objc; path = main.m; sourceTree = "<group>"; };
		7E0B1DDD2097E23900A59E56 /* DisplayingTextTests.xctest */ = {isa = PBXFileReference; explicitFileType = wrapper.cfbundle; includeInIndex = 0; path = DisplayingTextTests.xctest; sourceTree = BUILT_PRODUCTS_DIR; };
		7E0B1DE12097E23900A59E56 /* DisplayingTextTests.m */ = {isa = PBXFileReference; lastKnownFileType = sourcecode.c.objc; path = DisplayingTextTests.m; sourceTree = "<group>"; };
		7E0B1DE32097E23900A59E56 /* Info.plist */ = {isa = PBXFileReference; lastKnownFileType = text.plist.xml; path = Info.plist; sourceTree = "<group>"; };
		7E0B1DE82097E23900A59E56 /* DisplayingTextUITests.xctest */ = {isa = PBXFileReference; explicitFileType = wrapper.cfbundle; includeInIndex = 0; path = DisplayingTextUITests.xctest; sourceTree = BUILT_PRODUCTS_DIR; };
		7E0B1DEC2097E23900A59E56 /* DisplayingTextUITests.m */ = {isa = PBXFileReference; lastKnownFileType = sourcecode.c.objc; path = DisplayingTextUITests.m; sourceTree = "<group>"; };
		7E0B1DEE2097E23900A59E56 /* Info.plist */ = {isa = PBXFileReference; lastKnownFileType = text.plist.xml; path = Info.plist; sourceTree = "<group>"; };
/* End PBXFileReference section */

/* Begin PBXFrameworksBuildPhase section */
		7E0B1DC22097E23800A59E56 /* Frameworks */ = {
			isa = PBXFrameworksBuildPhase;
			buildActionMask = 2147483647;
			files = (
			);
			runOnlyForDeploymentPostprocessing = 0;
		};
		7E0B1DDA2097E23900A59E56 /* Frameworks */ = {
			isa = PBXFrameworksBuildPhase;
			buildActionMask = 2147483647;
			files = (
			);
			runOnlyForDeploymentPostprocessing = 0;
		};
		7E0B1DE52097E23900A59E56 /* Frameworks */ = {
			isa = PBXFrameworksBuildPhase;
			buildActionMask = 2147483647;
			files = (
			);
			runOnlyForDeploymentPostprocessing = 0;
		};
/* End PBXFrameworksBuildPhase section */

/* Begin PBXGroup section */
		7E0B1DBC2097E23800A59E56 = {
			isa = PBXGroup;
			children = (
				7E0B1DC72097E23800A59E56 /* DisplayingText */,
				7E0B1DE02097E23900A59E56 /* DisplayingTextTests */,
				7E0B1DEB2097E23900A59E56 /* DisplayingTextUITests */,
				7E0B1DC62097E23800A59E56 /* Products */,
			);
			sourceTree = "<group>";
		};
		7E0B1DC62097E23800A59E56 /* Products */ = {
			isa = PBXGroup;
			children = (
				7E0B1DC52097E23800A59E56 /* DisplayingText.app */,
				7E0B1DDD2097E23900A59E56 /* DisplayingTextTests.xctest */,
				7E0B1DE82097E23900A59E56 /* DisplayingTextUITests.xctest */,
			);
			name = Products;
			sourceTree = "<group>";
		};
		7E0B1DC72097E23800A59E56 /* DisplayingText */ = {
			isa = PBXGroup;
			children = (
				7E0B1DC82097E23800A59E56 /* AppDelegate.h */,
				7E0B1DC92097E23800A59E56 /* AppDelegate.m */,
				7E0B1DCB2097E23800A59E56 /* ViewController.h */,
				7E0B1DCC2097E23800A59E56 /* ViewController.m */,
				7E0B1DCE2097E23800A59E56 /* Main.storyboard */,
				7E0B1DD12097E23900A59E56 /* Assets.xcassets */,
				7E0B1DD32097E23900A59E56 /* LaunchScreen.storyboard */,
				7E0B1DD62097E23900A59E56 /* Info.plist */,
				7E0B1DD72097E23900A59E56 /* main.m */,
			);
			path = DisplayingText;
			sourceTree = "<group>";
		};
		7E0B1DE02097E23900A59E56 /* DisplayingTextTests */ = {
			isa = PBXGroup;
			children = (
				7E0B1DE12097E23900A59E56 /* DisplayingTextTests.m */,
				7E0B1DE32097E23900A59E56 /* Info.plist */,
			);
			path = DisplayingTextTests;
			sourceTree = "<group>";
		};
		7E0B1DEB2097E23900A59E56 /* DisplayingTextUITests */ = {
			isa = PBXGroup;
			children = (
				7E0B1DEC2097E23900A59E56 /* DisplayingTextUITests.m */,
				7E0B1DEE2097E23900A59E56 /* Info.plist */,
			);
			path = DisplayingTextUITests;
			sourceTree = "<group>";
		};
/* End PBXGroup section */

/* Begin PBXNativeTarget section */
		7E0B1DC42097E23800A59E56 /* DisplayingText */ = {
			isa = PBXNativeTarget;
			buildConfigurationList = 7E0B1DF12097E23900A59E56 /* Build configuration list for PBXNativeTarget "DisplayingText" */;
			buildPhases = (
				7E0B1DC12097E23800A59E56 /* Sources */,
				7E0B1DC22097E23800A59E56 /* Frameworks */,
				7E0B1DC32097E23800A59E56 /* Resources */,
			);
			buildRules = (
			);
			dependencies = (
			);
			name = DisplayingText;
			productName = DisplayingText;
			productReference = 7E0B1DC52097E23800A59E56 /* DisplayingText.app */;
			productType = "com.apple.product-type.application";
		};
		7E0B1DDC2097E23900A59E56 /* DisplayingTextTests */ = {
			isa = PBXNativeTarget;
			buildConfigurationList = 7E0B1DF42097E23900A59E56 /* Build configuration list for PBXNativeTarget "DisplayingTextTests" */;
			buildPhases = (
				7E0B1DD92097E23900A59E56 /* Sources */,
				7E0B1DDA2097E23900A59E56 /* Frameworks */,
				7E0B1DDB2097E23900A59E56 /* Resources */,
			);
			buildRules = (
			);
			dependencies = (
				7E0B1DDF2097E23900A59E56 /* PBXTargetDependency */,
			);
			name = DisplayingTextTests;
			productName = DisplayingTextTests;
			productReference = 7E0B1DDD2097E23900A59E56 /* DisplayingTextTests.xctest */;
			productType = "com.apple.product-type.bundle.unit-test";
		};
		7E0B1DE72097E23900A59E56 /* DisplayingTextUITests */ = {
			isa = PBXNativeTarget;
			buildConfigurationList = 7E0B1DF72097E23900A59E56 /* Build configuration list for PBXNativeTarget "DisplayingTextUITests" */;
			buildPhases = (
				7E0B1DE42097E23900A59E56 /* Sources */,
				7E0B1DE52097E23900A59E56 /* Frameworks */,
				7E0B1DE62097E23900A59E56 /* Resources */,
			);
			buildRules = (
			);
			dependencies = (
				7E0B1DEA2097E23900A59E56 /* PBXTargetDependency */,
			);
			name = DisplayingTextUITests;
			productName = DisplayingTextUITests;
			productReference = 7E0B1DE82097E23900A59E56 /* DisplayingTextUITests.xctest */;
			productType = "com.apple.product-type.bundle.ui-testing";
		};
/* End PBXNativeTarget section */

/* Begin PBXProject section */
		7E0B1DBD2097E23800A59E56 /* Project object */ = {
			isa = PBXProject;
			attributes = {
				LastUpgradeCheck = 0930;
				ORGANIZATIONNAME = SBT;
				TargetAttributes = {
					7E0B1DC42097E23800A59E56 = {
						CreatedOnToolsVersion = 9.3;
					};
					7E0B1DDC2097E23900A59E56 = {
						CreatedOnToolsVersion = 9.3;
						TestTargetID = 7E0B1DC42097E23800A59E56;
					};
					7E0B1DE72097E23900A59E56 = {
						CreatedOnToolsVersion = 9.3;
						TestTargetID = 7E0B1DC42097E23800A59E56;
					};
				};
			};
			buildConfigurationList = 7E0B1DC02097E23800A59E56 /* Build configuration list for PBXProject "DisplayingText" */;
			compatibilityVersion = "Xcode 9.3";
			developmentRegion = en;
			hasScannedForEncodings = 0;
			knownRegions = (
				en,
				Base,
			);
			mainGroup = 7E0B1DBC2097E23800A59E56;
			productRefGroup = 7E0B1DC62097E23800A59E56 /* Products */;
			projectDirPath = "";
			projectRoot = "";
			targets = (
				7E0B1DC42097E23800A59E56 /* DisplayingText */,
				7E0B1DDC2097E23900A59E56 /* DisplayingTextTests */,
				7E0B1DE72097E23900A59E56 /* DisplayingTextUITests */,
			);
		};
/* End PBXProject section */

/* Begin PBXResourcesBuildPhase section */
		7E0B1DC32097E23800A59E56 /* Resources */ = {
			isa = PBXResourcesBuildPhase;
			buildActionMask = 2147483647;
			files = (
				7E0B1DD52097E23900A59E56 /* LaunchScreen.storyboard in Resources */,
				7E0B1DD22097E23900A59E56 /* Assets.xcassets in Resources */,
				7E0B1DD02097E23800A59E56 /* Main.storyboard in Resources */,
			);
			runOnlyForDeploymentPostprocessing = 0;
		};
		7E0B1DDB2097E23900A59E56 /* Resources */ = {
			isa = PBXResourcesBuildPhase;
			buildActionMask = 2147483647;
			files = (
			);
			runOnlyForDeploymentPostprocessing = 0;
		};
		7E0B1DE62097E23900A59E56 /* Resources */ = {
			isa = PBXResourcesBuildPhase;
			buildActionMask = 2147483647;
			files = (
			);
			runOnlyForDeploymentPostprocessing = 0;
		};
/* End PBXResourcesBuildPhase section */

/* Begin PBXSourcesBuildPhase section */
		7E0B1DC12097E23800A59E56 /* Sources */ = {
			isa = PBXSourcesBuildPhase;
			buildActionMask = 2147483647;
			files = (
				7E0B1DCD2097E23800A59E56 /* ViewController.m in Sources */,
				7E0B1DD82097E23900A59E56 /* main.m in Sources */,
				7E0B1DCA2097E23800A59E56 /* AppDelegate.m in Sources */,
			);
			runOnlyForDeploymentPostprocessing = 0;
		};
		7E0B1DD92097E23900A59E56 /* Sources */ = {
			isa = PBXSourcesBuildPhase;
			buildActionMask = 2147483647;
			files = (
				7E0B1DE22097E23900A59E56 /* DisplayingTextTests.m in Sources */,
			);
			runOnlyForDeploymentPostprocessing = 0;
		};
		7E0B1DE42097E23900A59E56 /* Sources */ = {
			isa = PBXSourcesBuildPhase;
			buildActionMask = 2147483647;
			files = (
				7E0B1DED2097E23900A59E56 /* DisplayingTextUITests.m in Sources */,
			);
			runOnlyForDeploymentPostprocessing = 0;
		};
/* End PBXSourcesBuildPhase section */

/* Begin PBXTargetDependency section */
		7E0B1DDF2097E23900A59E56 /* PBXTargetDependency */ = {
			isa = PBXTargetDependency;
			target = 7E0B1DC42097E23800A59E56 /* DisplayingText */;
			targetProxy = 7E0B1DDE2097E23900A59E56 /* PBXContainerItemProxy */;
		};
		7E0B1DEA2097E23900A59E56 /* PBXTargetDependency */ = {
			isa = PBXTargetDependency;
			target = 7E0B1DC42097E23800A59E56 /* DisplayingText */;
			targetProxy = 7E0B1DE92097E23900A59E56 /* PBXContainerItemProxy */;
		};
/* End PBXTargetDependency section */

/* Begin PBXVariantGroup section */
		7E0B1DCE2097E23800A59E56 /* Main.storyboard */ = {
			isa = PBXVariantGroup;
			children = (
				7E0B1DCF2097E23800A59E56 /* Base */,
			);
			name = Main.storyboard;
			sourceTree = "<group>";
		};
		7E0B1DD32097E23900A59E56 /* LaunchScreen.storyboard */ = {
			isa = PBXVariantGroup;
			children = (
				7E0B1DD42097E23900A59E56 /* Base */,
			);
			name = LaunchScreen.storyboard;
			sourceTree = "<group>";
		};
/* End PBXVariantGroup section */

/* Begin XCBuildConfiguration section */
		7E0B1DEF2097E23900A59E56 /* Debug */ = {
			isa = XCBuildConfiguration;
			buildSettings = {
				ALWAYS_SEARCH_USER_PATHS = NO;
				CLANG_ANALYZER_NONNULL = YES;
				CLANG_ANALYZER_NUMBER_OBJECT_CONVERSION = YES_AGGRESSIVE;
				CLANG_CXX_LANGUAGE_STANDARD = "gnu++14";
				CLANG_CXX_LIBRARY = "libc++";
				CLANG_ENABLE_MODULES = YES;
				CLANG_ENABLE_OBJC_ARC = YES;
				CLANG_ENABLE_OBJC_WEAK = YES;
				CLANG_WARN_BLOCK_CAPTURE_AUTORELEASING = YES;
				CLANG_WARN_BOOL_CONVERSION = YES;
				CLANG_WARN_COMMA = YES;
				CLANG_WARN_CONSTANT_CONVERSION = YES;
				CLANG_WARN_DEPRECATED_OBJC_IMPLEMENTATIONS = YES;
				CLANG_WARN_DIRECT_OBJC_ISA_USAGE = YES_ERROR;
				CLANG_WARN_DOCUMENTATION_COMMENTS = YES;
				CLANG_WARN_EMPTY_BODY = YES;
				CLANG_WARN_ENUM_CONVERSION = YES;
				CLANG_WARN_INFINITE_RECURSION = YES;
				CLANG_WARN_INT_CONVERSION = YES;
				CLANG_WARN_NON_LITERAL_NULL_CONVERSION = YES;
				CLANG_WARN_OBJC_IMPLICIT_RETAIN_SELF = YES;
				CLANG_WARN_OBJC_LITERAL_CONVERSION = YES;
				CLANG_WARN_OBJC_ROOT_CLASS = YES_ERROR;
				CLANG_WARN_RANGE_LOOP_ANALYSIS = YES;
				CLANG_WARN_STRICT_PROTOTYPES = YES;
				CLANG_WARN_SUSPICIOUS_MOVE = YES;
				CLANG_WARN_UNGUARDED_AVAILABILITY = YES_AGGRESSIVE;
				CLANG_WARN_UNREACHABLE_CODE = YES;
				CLANG_WARN__DUPLICATE_METHOD_MATCH = YES;
				CODE_SIGN_IDENTITY = "iPhone Developer";
				COPY_PHASE_STRIP = NO;
				DEBUG_INFORMATION_FORMAT = dwarf;
				ENABLE_STRICT_OBJC_MSGSEND = YES;
				ENABLE_TESTABILITY = YES;
				GCC_C_LANGUAGE_STANDARD = gnu11;
				GCC_DYNAMIC_NO_PIC = NO;
				GCC_NO_COMMON_BLOCKS = YES;
				GCC_OPTIMIZATION_LEVEL = 0;
				GCC_PREPROCESSOR_DEFINITIONS = (
					"DEBUG=1",
					"$(inherited)",
				);
				GCC_WARN_64_TO_32_BIT_CONVERSION = YES;
				GCC_WARN_ABOUT_RETURN_TYPE = YES_ERROR;
				GCC_WARN_UNDECLARED_SELECTOR = YES;
				GCC_WARN_UNINITIALIZED_AUTOS = YES_AGGRESSIVE;
				GCC_WARN_UNUSED_FUNCTION = YES;
				GCC_WARN_UNUSED_VARIABLE = YES;
				IPHONEOS_DEPLOYMENT_TARGET = 11.3;
				MTL_ENABLE_DEBUG_INFO = YES;
				ONLY_ACTIVE_ARCH = YES;
				SDKROOT = iphoneos;
			};
			name = Debug;
		};
		7E0B1DF02097E23900A59E56 /* Release */ = {
			isa = XCBuildConfiguration;
			buildSettings = {
				ALWAYS_SEARCH_USER_PATHS = NO;
				CLANG_ANALYZER_NONNULL = YES;
				CLANG_ANALYZER_NUMBER_OBJECT_CONVERSION = YES_AGGRESSIVE;
				CLANG_CXX_LANGUAGE_STANDARD = "gnu++14";
				CLANG_CXX_LIBRARY = "libc++";
				CLANG_ENABLE_MODULES = YES;
				CLANG_ENABLE_OBJC_ARC = YES;
				CLANG_ENABLE_OBJC_WEAK = YES;
				CLANG_WARN_BLOCK_CAPTURE_AUTORELEASING = YES;
				CLANG_WARN_BOOL_CONVERSION = YES;
				CLANG_WARN_COMMA = YES;
				CLANG_WARN_CONSTANT_CONVERSION = YES;
				CLANG_WARN_DEPRECATED_OBJC_IMPLEMENTATIONS = YES;
				CLANG_WARN_DIRECT_OBJC_ISA_USAGE = YES_ERROR;
				CLANG_WARN_DOCUMENTATION_COMMENTS = YES;
				CLANG_WARN_EMPTY_BODY = YES;
				CLANG_WARN_ENUM_CONVERSION = YES;
				CLANG_WARN_INFINITE_RECURSION = YES;
				CLANG_WARN_INT_CONVERSION = YES;
				CLANG_WARN_NON_LITERAL_NULL_CONVERSION = YES;
				CLANG_WARN_OBJC_IMPLICIT_RETAIN_SELF = YES;
				CLANG_WARN_OBJC_LITERAL_CONVERSION = YES;
				CLANG_WARN_OBJC_ROOT_CLASS = YES_ERROR;
				CLANG_WARN_RANGE_LOOP_ANALYSIS = YES;
				CLANG_WARN_STRICT_PROTOTYPES = YES;
				CLANG_WARN_SUSPICIOUS_MOVE = YES;
				CLANG_WARN_UNGUARDED_AVAILABILITY = YES_AGGRESSIVE;
				CLANG_WARN_UNREACHABLE_CODE = YES;
				CLANG_WARN__DUPLICATE_METHOD_MATCH = YES;
				CODE_SIGN_IDENTITY = "iPhone Developer";
				COPY_PHASE_STRIP = NO;
				DEBUG_INFORMATION_FORMAT = "dwarf-with-dsym";
				ENABLE_NS_ASSERTIONS = NO;
				ENABLE_STRICT_OBJC_MSGSEND = YES;
				GCC_C_LANGUAGE_STANDARD = gnu11;
				GCC_NO_COMMON_BLOCKS = YES;
				GCC_WARN_64_TO_32_BIT_CONVERSION = YES;
				GCC_WARN_ABOUT_RETURN_TYPE = YES_ERROR;
				GCC_WARN_UNDECLARED_SELECTOR = YES;
				GCC_WARN_UNINITIALIZED_AUTOS = YES_AGGRESSIVE;
				GCC_WARN_UNUSED_FUNCTION = YES;
				GCC_WARN_UNUSED_VARIABLE = YES;
				IPHONEOS_DEPLOYMENT_TARGET = 11.3;
				MTL_ENABLE_DEBUG_INFO = NO;
				SDKROOT = iphoneos;
				VALIDATE_PRODUCT = YES;
			};
			name = Release;
		};
		7E0B1DF22097E23900A59E56 /* Debug */ = {
			isa = XCBuildConfiguration;
			buildSettings = {
				ASSETCATALOG_COMPILER_APPICON_NAME = AppIcon;
				CODE_SIGN_STYLE = Automatic;
				DEVELOPMENT_TEAM = ZKNT78S249;
				INFOPLIST_FILE = DisplayingText/Info.plist;
				LD_RUNPATH_SEARCH_PATHS = (
					"$(inherited)",
					"@executable_path/Frameworks",
				);
				PRODUCT_BUNDLE_IDENTIFIER = ru.sberbank.DisplayingText;
				PRODUCT_NAME = "$(TARGET_NAME)";
				TARGETED_DEVICE_FAMILY = "1,2";
			};
			name = Debug;
		};
		7E0B1DF32097E23900A59E56 /* Release */ = {
			isa = XCBuildConfiguration;
			buildSettings = {
				ASSETCATALOG_COMPILER_APPICON_NAME = AppIcon;
				CODE_SIGN_STYLE = Automatic;
				DEVELOPMENT_TEAM = ZKNT78S249;
				INFOPLIST_FILE = DisplayingText/Info.plist;
				LD_RUNPATH_SEARCH_PATHS = (
					"$(inherited)",
					"@executable_path/Frameworks",
				);
				PRODUCT_BUNDLE_IDENTIFIER = ru.sberbank.DisplayingText;
				PRODUCT_NAME = "$(TARGET_NAME)";
				TARGETED_DEVICE_FAMILY = "1,2";
			};
			name = Release;
		};
		7E0B1DF52097E23900A59E56 /* Debug */ = {
			isa = XCBuildConfiguration;
			buildSettings = {
				BUNDLE_LOADER = "$(TEST_HOST)";
				CODE_SIGN_STYLE = Automatic;
				DEVELOPMENT_TEAM = ZKNT78S249;
				INFOPLIST_FILE = DisplayingTextTests/Info.plist;
				LD_RUNPATH_SEARCH_PATHS = (
					"$(inherited)",
					"@executable_path/Frameworks",
					"@loader_path/Frameworks",
				);
				PRODUCT_BUNDLE_IDENTIFIER = ru.sberbank.DisplayingTextTests;
				PRODUCT_NAME = "$(TARGET_NAME)";
				TARGETED_DEVICE_FAMILY = "1,2";
				TEST_HOST = "$(BUILT_PRODUCTS_DIR)/DisplayingText.app/DisplayingText";
			};
			name = Debug;
		};
		7E0B1DF62097E23900A59E56 /* Release */ = {
			isa = XCBuildConfiguration;
			buildSettings = {
				BUNDLE_LOADER = "$(TEST_HOST)";
				CODE_SIGN_STYLE = Automatic;
				DEVELOPMENT_TEAM = ZKNT78S249;
				INFOPLIST_FILE = DisplayingTextTests/Info.plist;
				LD_RUNPATH_SEARCH_PATHS = (
					"$(inherited)",
					"@executable_path/Frameworks",
					"@loader_path/Frameworks",
				);
				PRODUCT_BUNDLE_IDENTIFIER = ru.sberbank.DisplayingTextTests;
				PRODUCT_NAME = "$(TARGET_NAME)";
				TARGETED_DEVICE_FAMILY = "1,2";
				TEST_HOST = "$(BUILT_PRODUCTS_DIR)/DisplayingText.app/DisplayingText";
			};
			name = Release;
		};
		7E0B1DF82097E23900A59E56 /* Debug */ = {
			isa = XCBuildConfiguration;
			buildSettings = {
				CODE_SIGN_STYLE = Automatic;
				DEVELOPMENT_TEAM = ZKNT78S249;
				INFOPLIST_FILE = DisplayingTextUITests/Info.plist;
				LD_RUNPATH_SEARCH_PATHS = (
					"$(inherited)",
					"@executable_path/Frameworks",
					"@loader_path/Frameworks",
				);
				PRODUCT_BUNDLE_IDENTIFIER = ru.sberbank.DisplayingTextUITests;
				PRODUCT_NAME = "$(TARGET_NAME)";
				TARGETED_DEVICE_FAMILY = "1,2";
				TEST_TARGET_NAME = DisplayingText;
			};
			name = Debug;
		};
		7E0B1DF92097E23900A59E56 /* Release */ = {
			isa = XCBuildConfiguration;
			buildSettings = {
				CODE_SIGN_STYLE = Automatic;
				DEVELOPMENT_TEAM = ZKNT78S249;
				INFOPLIST_FILE = DisplayingTextUITests/Info.plist;
				LD_RUNPATH_SEARCH_PATHS = (
					"$(inherited)",
					"@executable_path/Frameworks",
					"@loader_path/Frameworks",
				);
				PRODUCT_BUNDLE_IDENTIFIER = ru.sberbank.DisplayingTextUITests;
				PRODUCT_NAME = "$(TARGET_NAME)";
				TARGETED_DEVICE_FAMILY = "1,2";
				TEST_TARGET_NAME = DisplayingText;
			};
			name = Release;
		};
/* End XCBuildConfiguration section */

/* Begin XCConfigurationList section */
		7E0B1DC02097E23800A59E56 /* Build configuration list for PBXProject "DisplayingText" */ = {
			isa = XCConfigurationList;
			buildConfigurations = (
				7E0B1DEF2097E23900A59E56 /* Debug */,
				7E0B1DF02097E23900A59E56 /* Release */,
			);
			defaultConfigurationIsVisible = 0;
			defaultConfigurationName = Release;
		};
		7E0B1DF12097E23900A59E56 /* Build configuration list for PBXNativeTarget "DisplayingText" */ = {
			isa = XCConfigurationList;
			buildConfigurations = (
				7E0B1DF22097E23900A59E56 /* Debug */,
				7E0B1DF32097E23900A59E56 /* Release */,
			);
			defaultConfigurationIsVisible = 0;
			defaultConfigurationName = Release;
		};
		7E0B1DF42097E23900A59E56 /* Build configuration list for PBXNativeTarget "DisplayingTextTests" */ = {
			isa = XCConfigurationList;
			buildConfigurations = (
				7E0B1DF52097E23900A59E56 /* Debug */,
				7E0B1DF62097E23900A59E56 /* Release */,
			);
			defaultConfigurationIsVisible = 0;
			defaultConfigurationName = Release;
		};
		7E0B1DF72097E23900A59E56 /* Build configuration list for PBXNativeTarget "DisplayingTextUITests" */ = {
			isa = XCConfigurationList;
			buildConfigurations = (
				7E0B1DF82097E23900A59E56 /* Debug */,
				7E0B1DF92097E23900A59E56 /* Release */,
			);
			defaultConfigurationIsVisible = 0;
			defaultConfigurationName = Release;
		};
/* End XCConfigurationList section */
	};
	rootObject = 7E0B1DBD2097E23800A59E56 /* Project object */;
}
